
Microsoft Visual Studio Solution File, Format Version 12.00
# Visual Studio Version 16
VisualStudioVersion = 16.0.28714.193
MinimumVisualStudioVersion = 10.0.40219.1
Project("{FAE04EC0-301F-11D3-BF4B-00C04F79EFBC}") = "Mandelbrot", "Mandelbrot\Mandelbrot.csproj", "{017798C4-AB06-4026-9AE5-0C51E333FD96}"
EndProject
Global
	GlobalSection(SolutionConfigurationPlatforms) = preSolution
		Debug|Any CPU = Debug|Any CPU
		Release|Any CPU = Release|Any CPU
	EndGlobalSection
	GlobalSection(ProjectConfigurationPlatforms) = postSolution
		{017798C4-AB06-4026-9AE5-0C51E333FD96}.Debug|Any CPU.ActiveCfg = Debug|Any CPU
		{017798C4-AB06-4026-9AE5-0C51E333FD96}.Debug|Any CPU.Build.0 = Debug|Any CPU
		{017798C4-AB06-4026-9AE5-0C51E333FD96}.Release|Any CPU.ActiveCfg = Release|Any CPU
		{017798C4-AB06-4026-9AE5-0C51E333FD96}.Release|Any CPU.Build.0 = Release|Any CPU
	EndGlobalSection
	GlobalSection(SolutionProperties) = preSolution
		HideSolutionNode = FALSE
	EndGlobalSection
	GlobalSection(ExtensibilityGlobals) = postSolution
		SolutionGuid = {819E059B-CDA4-4D5A-A3F7-EC41DFA3DDAC}
	EndGlobalSection
EndGlobal
